
Microsoft Visual Studio Solution File, Format Version 12.00
# Visual Studio Version 16
VisualStudioVersion = 16.0.31402.337
MinimumVisualStudioVersion = 10.0.40219.1
Project("{9A19103F-16F7-4668-BE54-9A1E7A4F7556}") = "RMZCorp", "RMZCorp\RMZCorp.csproj", "{23F1A46B-50C9-48BE-BE13-A2FC1FDD21FC}"
EndProject
Project("{2150E333-8FDC-42A3-9474-1A3956D46DE8}") = "Domain", "Domain", "{5339223E-3BE0-4AE9-A85C-63A0E30AA2D3}"
EndProject
Project("{9A19103F-16F7-4668-BE54-9A1E7A4F7556}") = "RMZCorp.Domain", "RMZCorp.Domain\RMZCorp.Domain.csproj", "{2A59C137-7823-4BB6-9708-1BE725B3A08A}"
EndProject
Project("{2150E333-8FDC-42A3-9474-1A3956D46DE8}") = "DataAccess", "DataAccess", "{1309F57C-6ACE-481D-B746-2A43A5F521E9}"
EndProject
Project("{9A19103F-16F7-4668-BE54-9A1E7A4F7556}") = "RMZCorp.DataAccess.SQL", "RMZCorp.DataAccess.SQL\RMZCorp.DataAccess.SQL.csproj", "{0C8361CF-813E-4785-8704-CFD38E3A3F3D}"
EndProject
Project("{2150E333-8FDC-42A3-9474-1A3956D46DE8}") = "WebAPI", "WebAPI", "{110154AF-B064-44E1-A263-1D337D3E67C1}"
EndProject
Global
	GlobalSection(SolutionConfigurationPlatforms) = preSolution
		Debug|Any CPU = Debug|Any CPU
		Release|Any CPU = Release|Any CPU
	EndGlobalSection
	GlobalSection(ProjectConfigurationPlatforms) = postSolution
		{23F1A46B-50C9-48BE-BE13-A2FC1FDD21FC}.Debug|Any CPU.ActiveCfg = Debug|Any CPU
		{23F1A46B-50C9-48BE-BE13-A2FC1FDD21FC}.Debug|Any CPU.Build.0 = Debug|Any CPU
		{23F1A46B-50C9-48BE-BE13-A2FC1FDD21FC}.Release|Any CPU.ActiveCfg = Release|Any CPU
		{23F1A46B-50C9-48BE-BE13-A2FC1FDD21FC}.Release|Any CPU.Build.0 = Release|Any CPU
		{2A59C137-7823-4BB6-9708-1BE725B3A08A}.Debug|Any CPU.ActiveCfg = Debug|Any CPU
		{2A59C137-7823-4BB6-9708-1BE725B3A08A}.Debug|Any CPU.Build.0 = Debug|Any CPU
		{2A59C137-7823-4BB6-9708-1BE725B3A08A}.Release|Any CPU.ActiveCfg = Release|Any CPU
		{2A59C137-7823-4BB6-9708-1BE725B3A08A}.Release|Any CPU.Build.0 = Release|Any CPU
		{0C8361CF-813E-4785-8704-CFD38E3A3F3D}.Debug|Any CPU.ActiveCfg = Debug|Any CPU
		{0C8361CF-813E-4785-8704-CFD38E3A3F3D}.Debug|Any CPU.Build.0 = Debug|Any CPU
		{0C8361CF-813E-4785-8704-CFD38E3A3F3D}.Release|Any CPU.ActiveCfg = Release|Any CPU
		{0C8361CF-813E-4785-8704-CFD38E3A3F3D}.Release|Any CPU.Build.0 = Release|Any CPU
	EndGlobalSection
	GlobalSection(SolutionProperties) = preSolution
		HideSolutionNode = FALSE
	EndGlobalSection
	GlobalSection(NestedProjects) = preSolution
		{23F1A46B-50C9-48BE-BE13-A2FC1FDD21FC} = {110154AF-B064-44E1-A263-1D337D3E67C1}
		{2A59C137-7823-4BB6-9708-1BE725B3A08A} = {5339223E-3BE0-4AE9-A85C-63A0E30AA2D3}
		{0C8361CF-813E-4785-8704-CFD38E3A3F3D} = {1309F57C-6ACE-481D-B746-2A43A5F521E9}
	EndGlobalSection
	GlobalSection(ExtensibilityGlobals) = postSolution
		SolutionGuid = {57BDD131-2DB7-49EE-9C8D-F18BD7178E21}
	EndGlobalSection
EndGlobal
